
Microsoft Visual Studio Solution File, Format Version 12.00
# Visual Studio 15
VisualStudioVersion = 15.0.27703.2018
MinimumVisualStudioVersion = 10.0.40219.1
Project("{FAE04EC0-301F-11D3-BF4B-00C04F79EFBC}") = "Map4Students", "Map4Students\Map4Students.csproj", "{5D5D70F5-796A-43A8-A155-CE2331BA83DF}"
EndProject
Global
	GlobalSection(SolutionConfigurationPlatforms) = preSolution
		Debug|Any CPU = Debug|Any CPU
		Release|Any CPU = Release|Any CPU
	EndGlobalSection
	GlobalSection(ProjectConfigurationPlatforms) = postSolution
		{5D5D70F5-796A-43A8-A155-CE2331BA83DF}.Debug|Any CPU.ActiveCfg = Debug|Any CPU
		{5D5D70F5-796A-43A8-A155-CE2331BA83DF}.Debug|Any CPU.Build.0 = Debug|Any CPU
		{5D5D70F5-796A-43A8-A155-CE2331BA83DF}.Release|Any CPU.ActiveCfg = Release|Any CPU
		{5D5D70F5-796A-43A8-A155-CE2331BA83DF}.Release|Any CPU.Build.0 = Release|Any CPU
	EndGlobalSection
	GlobalSection(SolutionProperties) = preSolution
		HideSolutionNode = FALSE
	EndGlobalSection
	GlobalSection(ExtensibilityGlobals) = postSolution
		SolutionGuid = {F4B139DE-433E-4505-A518-E75C1B64C6AC}
	EndGlobalSection
EndGlobal
